
Microsoft Visual Studio Solution File, Format Version 12.00
# Visual Studio 15
VisualStudioVersion = 15.0.26906.1
MinimumVisualStudioVersion = 10.0.40219.1
Project("{FAE04EC0-301F-11D3-BF4B-00C04F79EFBC}") = "WmCrawler.WmHttpClient", "WmCrawler.WmHttpClient\WmCrawler.WmHttpClient.csproj", "{C8644C3F-8EED-4C57-B6AB-C2ABDE1B4659}"
EndProject
Project("{FAE04EC0-301F-11D3-BF4B-00C04F79EFBC}") = "WmCrawler.Console", "WmCrawler.Console\WmCrawler.Console.csproj", "{AA4D653A-AB40-461C-A485-5F2BC3F97907}"
EndProject
Project("{FAE04EC0-301F-11D3-BF4B-00C04F79EFBC}") = "WmCrawler.Core", "WmCrawler.Core\WmCrawler.Core.csproj", "{95C12748-D6A1-4C75-8221-AD40D115E668}"
EndProject
Project("{FAE04EC0-301F-11D3-BF4B-00C04F79EFBC}") = "WmCrawler.Infrastructure", "WmCrawler.Infrastructure\WmCrawler.Infrastructure.csproj", "{7ADAB852-C4C2-406A-B027-40F961D7BB93}"
EndProject
Global
	GlobalSection(SolutionConfigurationPlatforms) = preSolution
		Debug|Any CPU = Debug|Any CPU
		Release|Any CPU = Release|Any CPU
	EndGlobalSection
	GlobalSection(ProjectConfigurationPlatforms) = postSolution
		{C8644C3F-8EED-4C57-B6AB-C2ABDE1B4659}.Debug|Any CPU.ActiveCfg = Debug|Any CPU
		{C8644C3F-8EED-4C57-B6AB-C2ABDE1B4659}.Debug|Any CPU.Build.0 = Debug|Any CPU
		{C8644C3F-8EED-4C57-B6AB-C2ABDE1B4659}.Release|Any CPU.ActiveCfg = Release|Any CPU
		{C8644C3F-8EED-4C57-B6AB-C2ABDE1B4659}.Release|Any CPU.Build.0 = Release|Any CPU
		{AA4D653A-AB40-461C-A485-5F2BC3F97907}.Debug|Any CPU.ActiveCfg = Debug|Any CPU
		{AA4D653A-AB40-461C-A485-5F2BC3F97907}.Debug|Any CPU.Build.0 = Debug|Any CPU
		{AA4D653A-AB40-461C-A485-5F2BC3F97907}.Release|Any CPU.ActiveCfg = Release|Any CPU
		{AA4D653A-AB40-461C-A485-5F2BC3F97907}.Release|Any CPU.Build.0 = Release|Any CPU
		{95C12748-D6A1-4C75-8221-AD40D115E668}.Debug|Any CPU.ActiveCfg = Debug|Any CPU
		{95C12748-D6A1-4C75-8221-AD40D115E668}.Debug|Any CPU.Build.0 = Debug|Any CPU
		{95C12748-D6A1-4C75-8221-AD40D115E668}.Release|Any CPU.ActiveCfg = Release|Any CPU
		{95C12748-D6A1-4C75-8221-AD40D115E668}.Release|Any CPU.Build.0 = Release|Any CPU
		{7ADAB852-C4C2-406A-B027-40F961D7BB93}.Debug|Any CPU.ActiveCfg = Debug|Any CPU
		{7ADAB852-C4C2-406A-B027-40F961D7BB93}.Debug|Any CPU.Build.0 = Debug|Any CPU
		{7ADAB852-C4C2-406A-B027-40F961D7BB93}.Release|Any CPU.ActiveCfg = Release|Any CPU
		{7ADAB852-C4C2-406A-B027-40F961D7BB93}.Release|Any CPU.Build.0 = Release|Any CPU
	EndGlobalSection
	GlobalSection(SolutionProperties) = preSolution
		HideSolutionNode = FALSE
	EndGlobalSection
	GlobalSection(ExtensibilityGlobals) = postSolution
		SolutionGuid = {2CE4F2CE-1F30-4036-BF74-DB6510CE3A4B}
	EndGlobalSection
EndGlobal
